
Microsoft Visual Studio Solution File, Format Version 12.00
# Visual Studio Version 16
VisualStudioVersion = 16.0.30330.147
MinimumVisualStudioVersion = 10.0.40219.1
Project("{2150E333-8FDC-42A3-9474-1A3956D46DE8}") = "01 - Presentation", "01 - Presentation", "{C80EAB26-C465-418E-9AEE-D3F49B56F67C}"
EndProject
Project("{9A19103F-16F7-4668-BE54-9A1E7A4F7556}") = "Estapar.Presentation.Web", "Estapar.Presentation.Web\Estapar.Presentation.Web.csproj", "{94F2BAC4-EC04-4F3F-A863-20CDB7A55C11}"
EndProject
Project("{2150E333-8FDC-42A3-9474-1A3956D46DE8}") = "02 - Services", "02 - Services", "{0C548B12-43CD-44DF-9BA3-43237CA98FE5}"
EndProject
Project("{2150E333-8FDC-42A3-9474-1A3956D46DE8}") = "03 - Application", "03 - Application", "{3CCE9422-8D1A-41E6-94B5-AE82FF45735B}"
EndProject
Project("{2150E333-8FDC-42A3-9474-1A3956D46DE8}") = "04 - Domain", "04 - Domain", "{2FAD13DB-19CF-4D8F-8D7A-D04B62BA752A}"
EndProject
Project("{2150E333-8FDC-42A3-9474-1A3956D46DE8}") = "05 - Infra", "05 - Infra", "{95258FAE-D3AB-4C97-BF82-73ADECA1C6BE}"
EndProject
Project("{9A19103F-16F7-4668-BE54-9A1E7A4F7556}") = "Estapar.Domain", "Estapar.Domain\Estapar.Domain.csproj", "{FBA37737-3E8E-452F-BE61-CB926253ADE9}"
EndProject
Project("{9A19103F-16F7-4668-BE54-9A1E7A4F7556}") = "Estapar.Application", "Estapar.Application\Estapar.Application.csproj", "{12B9C022-35C9-474D-A02C-8D87E3BD9B35}"
EndProject
Project("{9A19103F-16F7-4668-BE54-9A1E7A4F7556}") = "Estapar.Infrastructure.Data", "Estapar.Infrastructure.Data\Estapar.Infrastructure.Data.csproj", "{B8D87277-F146-482E-BC7C-698ADFF23F22}"
EndProject
Project("{9A19103F-16F7-4668-BE54-9A1E7A4F7556}") = "Estapar.Infrastructure.IoC", "Estapar.Infrastructure.IoC\Estapar.Infrastructure.IoC.csproj", "{76A4D966-800F-4A55-99CE-97F5883119B9}"
EndProject
Global
	GlobalSection(SolutionConfigurationPlatforms) = preSolution
		Debug|Any CPU = Debug|Any CPU
		Release|Any CPU = Release|Any CPU
	EndGlobalSection
	GlobalSection(ProjectConfigurationPlatforms) = postSolution
		{94F2BAC4-EC04-4F3F-A863-20CDB7A55C11}.Debug|Any CPU.ActiveCfg = Debug|Any CPU
		{94F2BAC4-EC04-4F3F-A863-20CDB7A55C11}.Debug|Any CPU.Build.0 = Debug|Any CPU
		{94F2BAC4-EC04-4F3F-A863-20CDB7A55C11}.Release|Any CPU.ActiveCfg = Release|Any CPU
		{94F2BAC4-EC04-4F3F-A863-20CDB7A55C11}.Release|Any CPU.Build.0 = Release|Any CPU
		{FBA37737-3E8E-452F-BE61-CB926253ADE9}.Debug|Any CPU.ActiveCfg = Debug|Any CPU
		{FBA37737-3E8E-452F-BE61-CB926253ADE9}.Debug|Any CPU.Build.0 = Debug|Any CPU
		{FBA37737-3E8E-452F-BE61-CB926253ADE9}.Release|Any CPU.ActiveCfg = Release|Any CPU
		{FBA37737-3E8E-452F-BE61-CB926253ADE9}.Release|Any CPU.Build.0 = Release|Any CPU
		{12B9C022-35C9-474D-A02C-8D87E3BD9B35}.Debug|Any CPU.ActiveCfg = Debug|Any CPU
		{12B9C022-35C9-474D-A02C-8D87E3BD9B35}.Debug|Any CPU.Build.0 = Debug|Any CPU
		{12B9C022-35C9-474D-A02C-8D87E3BD9B35}.Release|Any CPU.ActiveCfg = Release|Any CPU
		{12B9C022-35C9-474D-A02C-8D87E3BD9B35}.Release|Any CPU.Build.0 = Release|Any CPU
		{B8D87277-F146-482E-BC7C-698ADFF23F22}.Debug|Any CPU.ActiveCfg = Debug|Any CPU
		{B8D87277-F146-482E-BC7C-698ADFF23F22}.Debug|Any CPU.Build.0 = Debug|Any CPU
		{B8D87277-F146-482E-BC7C-698ADFF23F22}.Release|Any CPU.ActiveCfg = Release|Any CPU
		{B8D87277-F146-482E-BC7C-698ADFF23F22}.Release|Any CPU.Build.0 = Release|Any CPU
		{76A4D966-800F-4A55-99CE-97F5883119B9}.Debug|Any CPU.ActiveCfg = Debug|Any CPU
		{76A4D966-800F-4A55-99CE-97F5883119B9}.Debug|Any CPU.Build.0 = Debug|Any CPU
		{76A4D966-800F-4A55-99CE-97F5883119B9}.Release|Any CPU.ActiveCfg = Release|Any CPU
		{76A4D966-800F-4A55-99CE-97F5883119B9}.Release|Any CPU.Build.0 = Release|Any CPU
	EndGlobalSection
	GlobalSection(SolutionProperties) = preSolution
		HideSolutionNode = FALSE
	EndGlobalSection
	GlobalSection(NestedProjects) = preSolution
		{94F2BAC4-EC04-4F3F-A863-20CDB7A55C11} = {C80EAB26-C465-418E-9AEE-D3F49B56F67C}
		{FBA37737-3E8E-452F-BE61-CB926253ADE9} = {2FAD13DB-19CF-4D8F-8D7A-D04B62BA752A}
		{12B9C022-35C9-474D-A02C-8D87E3BD9B35} = {3CCE9422-8D1A-41E6-94B5-AE82FF45735B}
		{B8D87277-F146-482E-BC7C-698ADFF23F22} = {95258FAE-D3AB-4C97-BF82-73ADECA1C6BE}
		{76A4D966-800F-4A55-99CE-97F5883119B9} = {95258FAE-D3AB-4C97-BF82-73ADECA1C6BE}
	EndGlobalSection
	GlobalSection(ExtensibilityGlobals) = postSolution
		SolutionGuid = {189E4817-083B-4E21-BF5D-B41A0DC5A7A4}
	EndGlobalSection
EndGlobal
